
Microsoft Visual Studio Solution File, Format Version 12.00
# Visual Studio Version 17
VisualStudioVersion = 17.4.33213.308
MinimumVisualStudioVersion = 10.0.40219.1
Project("{9A19103F-16F7-4668-BE54-9A1E7A4F7556}") = "PrismaTest", "PrismaTest\PrismaTest.csproj", "{1DB5AECF-EF97-4B36-AD94-9B40D4ACB862}"
EndProject
Project("{FAE04EC0-301F-11D3-BF4B-00C04F79EFBC}") = "Models", "Models\Models.csproj", "{4EE4F488-16DF-4650-8C0C-2A4EB765C6D6}"
EndProject
Project("{FAE04EC0-301F-11D3-BF4B-00C04F79EFBC}") = "DatabaseConfigurations", "DatabaseConfigurations\DatabaseConfigurations.csproj", "{A2D01446-E1E7-458A-9FD7-AECE37BF3F44}"
EndProject
Global
	GlobalSection(SolutionConfigurationPlatforms) = preSolution
		Debug|Any CPU = Debug|Any CPU
		Release|Any CPU = Release|Any CPU
	EndGlobalSection
	GlobalSection(ProjectConfigurationPlatforms) = postSolution
		{1DB5AECF-EF97-4B36-AD94-9B40D4ACB862}.Debug|Any CPU.ActiveCfg = Debug|Any CPU
		{1DB5AECF-EF97-4B36-AD94-9B40D4ACB862}.Debug|Any CPU.Build.0 = Debug|Any CPU
		{1DB5AECF-EF97-4B36-AD94-9B40D4ACB862}.Release|Any CPU.ActiveCfg = Release|Any CPU
		{1DB5AECF-EF97-4B36-AD94-9B40D4ACB862}.Release|Any CPU.Build.0 = Release|Any CPU
		{4EE4F488-16DF-4650-8C0C-2A4EB765C6D6}.Debug|Any CPU.ActiveCfg = Debug|Any CPU
		{4EE4F488-16DF-4650-8C0C-2A4EB765C6D6}.Debug|Any CPU.Build.0 = Debug|Any CPU
		{4EE4F488-16DF-4650-8C0C-2A4EB765C6D6}.Release|Any CPU.ActiveCfg = Release|Any CPU
		{4EE4F488-16DF-4650-8C0C-2A4EB765C6D6}.Release|Any CPU.Build.0 = Release|Any CPU
		{A2D01446-E1E7-458A-9FD7-AECE37BF3F44}.Debug|Any CPU.ActiveCfg = Debug|Any CPU
		{A2D01446-E1E7-458A-9FD7-AECE37BF3F44}.Debug|Any CPU.Build.0 = Debug|Any CPU
		{A2D01446-E1E7-458A-9FD7-AECE37BF3F44}.Release|Any CPU.ActiveCfg = Release|Any CPU
		{A2D01446-E1E7-458A-9FD7-AECE37BF3F44}.Release|Any CPU.Build.0 = Release|Any CPU
	EndGlobalSection
	GlobalSection(SolutionProperties) = preSolution
		HideSolutionNode = FALSE
	EndGlobalSection
	GlobalSection(ExtensibilityGlobals) = postSolution
		SolutionGuid = {8D4F4746-D973-4B78-94B5-960800D86DFB}
	EndGlobalSection
EndGlobal
